{
  "name": "dashboardbrasil",
  "version": "1.0.0",
  "lockfileVersion": 3,
  "requires": true,
  "packages": {
    "": {
      "name": "dashboardbrasil",
      "version": "1.0.0",
      "license": "ISC",
      "dependencies": {
        "@turf/simplify": "^7.3.5",
        "csv-parse": "^6.2.1",
        "wellknown": "^0.5.0"
      }
    },
    "node_modules/@turf/boolean-point-on-line": {
      "version": "7.3.5",
      "resolved": "https://registry.npmjs.org/@turf/boolean-point-on-line/-/boolean-point-on-line-7.3.5.tgz",
      "integrity": "sha512-TuWfrAT63W43BDzgYc94UzQ5/PjF1aTnh4AIzmQwez1YnimShYcOTwo8OIHzDaB6gbbvFsfxYMuOA5JOp942Kg==",
      "license": "MIT",
      "dependencies": {
        "@turf/helpers": "7.3.5",
        "@turf/invariant": "7.3.5",
        "@types/geojson": "^7946.0.10",
        "tslib": "^2.8.1"
      },
      "funding": {
        "url": "https://opencollective.com/turf"
      }
    },
    "node_modules/@turf/clean-coords": {
      "version": "7.3.5",
      "resolved": "https://registry.npmjs.org/@turf/clean-coords/-/clean-coords-7.3.5.tgz",
      "integrity": "sha512-e0ZTqVWiQaCI/b8EFb+HAS8lCDomWafAKxQuIv0IYks0GwOlVTDWTwsY2RX2685j2Y+QssqOsyHsPZCtAjc3YQ==",
      "license": "MIT",
      "dependencies": {
        "@turf/boolean-point-on-line": "7.3.5",
        "@turf/helpers": "7.3.5",
        "@turf/invariant": "7.3.5",
        "@types/geojson": "^7946.0.10",
        "tslib": "^2.8.1"
      },
      "funding": {
        "url": "https://opencollective.com/turf"
      }
    },
    "node_modules/@turf/clone": {
      "version": "7.3.5",
      "resolved": "https://registry.npmjs.org/@turf/clone/-/clone-7.3.5.tgz",
      "integrity": "sha512-qfIaHj3410QEcTpiCRnTzhq8YrUp2gWrUIPLBAEFykopNxJkq1du1VrRzvuAo36ap2UV7KppkS6wGNypbcxswQ==",
      "license": "MIT",
      "dependencies": {
        "@turf/helpers": "7.3.5",
        "@types/geojson": "^7946.0.10",
        "tslib": "^2.8.1"
      },
      "funding": {
        "url": "https://opencollective.com/turf"
      }
    },
    "node_modules/@turf/helpers": {
      "version": "7.3.5",
      "resolved": "https://registry.npmjs.org/@turf/helpers/-/helpers-7.3.5.tgz",
      "integrity": "sha512-E/NMGV5MwbjjP7AJXBtsanC3yY8N2MQ87IGdIgkB2ji5AtBpwnH4L3gEqpYN4RlCJJWbLbzO91BbKv2waUd0eg==",
      "license": "MIT",
      "dependencies": {
        "@types/geojson": "^7946.0.10",
        "tslib": "^2.8.1"
      },
      "funding": {
        "url": "https://opencollective.com/turf"
      }
    },
    "node_modules/@turf/invariant": {
      "version": "7.3.5",
      "resolved": "https://registry.npmjs.org/@turf/invariant/-/invariant-7.3.5.tgz",
      "integrity": "sha512-ZVIvsBvjr8lO7WxC5zYNjRsjSDvyGvWkJMjuWaJjTU8x+1tmfNnw3gDX/TI2Sit83gcRYLYkNo23lB/udqx/Hg==",
      "license": "MIT",
      "dependencies": {
        "@turf/helpers": "7.3.5",
        "@types/geojson": "^7946.0.10",
        "tslib": "^2.8.1"
      },
      "funding": {
        "url": "https://opencollective.com/turf"
      }
    },
    "node_modules/@turf/meta": {
      "version": "7.3.5",
      "resolved": "https://registry.npmjs.org/@turf/meta/-/meta-7.3.5.tgz",
      "integrity": "sha512-r+ohqxoyqeigFB0oFrQx/YEHIkOKqcKpCjvZkvZs7Tkv+IFco5MezAd2zd4rzK+0DfFgDP3KpJc7HqrYjvEjhg==",
      "license": "MIT",
      "dependencies": {
        "@turf/helpers": "7.3.5",
        "@types/geojson": "^7946.0.10",
        "tslib": "^2.8.1"
      },
      "funding": {
        "url": "https://opencollective.com/turf"
      }
    },
    "node_modules/@turf/simplify": {
      "version": "7.3.5",
      "resolved": "https://registry.npmjs.org/@turf/simplify/-/simplify-7.3.5.tgz",
      "integrity": "sha512-9wzxlRA+0yNALeqyXNHFgj+8ebsg2aKdMrWRiSMS+ZqbiknZ/mCARiDYqM2Qz8TgTqdrNt53ze4o1vS6WeJrJw==",
      "license": "MIT",
      "dependencies": {
        "@turf/clean-coords": "7.3.5",
        "@turf/clone": "7.3.5",
        "@turf/helpers": "7.3.5",
        "@turf/meta": "7.3.5",
        "@types/geojson": "^7946.0.10",
        "tslib": "^2.8.1"
      },
      "funding": {
        "url": "https://opencollective.com/turf"
      }
    },
    "node_modules/@types/geojson": {
      "version": "7946.0.16",
      "resolved": "https://registry.npmjs.org/@types/geojson/-/geojson-7946.0.16.tgz",
      "integrity": "sha512-6C8nqWur3j98U6+lXDfTUWIfgvZU+EumvpHKcYjujKH7woYyLj2sUmff0tRhrqM7BohUw7Pz3ZB1jj2gW9Fvmg==",
      "license": "MIT"
    },
    "node_modules/concat-stream": {
      "version": "1.5.2",
      "resolved": "https://registry.npmjs.org/concat-stream/-/concat-stream-1.5.2.tgz",
      "integrity": "sha512-H6xsIBfQ94aESBG8jGHXQ7i5AEpy5ZeVaLDOisDICiTCKpqEfr34/KmTrspKQNoLKNu9gTkovlpQcUi630AKiQ==",
      "engines": [
        "node >= 0.8"
      ],
      "license": "MIT",
      "dependencies": {
        "inherits": "~2.0.1",
        "readable-stream": "~2.0.0",
        "typedarray": "~0.0.5"
      }
    },
    "node_modules/core-util-is": {
      "version": "1.0.3",
      "resolved": "https://registry.npmjs.org/core-util-is/-/core-util-is-1.0.3.tgz",
      "integrity": "sha512-ZQBvi1DcpJ4GDqanjucZ2Hj3wEO5pZDS89BWbkcrvdxksJorwUDDZamX9ldFkp9aw2lmBDLgkObEA4DWNJ9FYQ==",
      "license": "MIT"
    },
    "node_modules/csv-parse": {
      "version": "6.2.1",
      "resolved": "https://registry.npmjs.org/csv-parse/-/csv-parse-6.2.1.tgz",
      "integrity": "sha512-LRLMV+UCyfMokp8Wb411duBf1gaBKJfOfBWU9eHMJ+b+cJYZsNu3AFmjJf3+yPGd59Exz1TsMjaSFyxnYB9+IQ==",
      "license": "MIT"
    },
    "node_modules/inherits": {
      "version": "2.0.4",
      "resolved": "https://registry.npmjs.org/inherits/-/inherits-2.0.4.tgz",
      "integrity": "sha512-k/vGaX4/Yla3WzyMCvTQOXYeIHvqOKtnqBduzTHpzpQZzAskKMhZ2K+EnBiSM9zGSoIFeMpXKxa4dYeZIQqewQ==",
      "license": "ISC"
    },
    "node_modules/isarray": {
      "version": "1.0.0",
      "resolved": "https://registry.npmjs.org/isarray/-/isarray-1.0.0.tgz",
      "integrity": "sha512-VLghIWNM6ELQzo7zwmcg0NmTVyWKYjvIeM83yjp0wRDTmUnrM678fQbcKBo6n2CJEF0szoG//ytg+TKla89ALQ==",
      "license": "MIT"
    },
    "node_modules/minimist": {
      "version": "1.2.8",
      "resolved": "https://registry.npmjs.org/minimist/-/minimist-1.2.8.tgz",
      "integrity": "sha512-2yyAR8qBkN3YuheJanUpWC5U3bb5osDywNB8RzDVlDwDHbocAJveqqj1u8+SVD7jkWT4yvsHCpWqqWqAxb0zCA==",
      "license": "MIT",
      "funding": {
        "url": "https://github.com/sponsors/ljharb"
      }
    },
    "node_modules/process-nextick-args": {
      "version": "1.0.7",
      "resolved": "https://registry.npmjs.org/process-nextick-args/-/process-nextick-args-1.0.7.tgz",
      "integrity": "sha512-yN0WQmuCX63LP/TMvAg31nvT6m4vDqJEiiv2CAZqWOGNWutc9DfDk1NPYYmKUFmaVM2UwDowH4u5AHWYP/jxKw==",
      "license": "MIT"
    },
    "node_modules/readable-stream": {
      "version": "2.0.6",
      "resolved": "https://registry.npmjs.org/readable-stream/-/readable-stream-2.0.6.tgz",
      "integrity": "sha512-TXcFfb63BQe1+ySzsHZI/5v1aJPCShfqvWJ64ayNImXMsN1Cd0YGk/wm8KB7/OeessgPc9QvS9Zou8QTkFzsLw==",
      "license": "MIT",
      "dependencies": {
        "core-util-is": "~1.0.0",
        "inherits": "~2.0.1",
        "isarray": "~1.0.0",
        "process-nextick-args": "~1.0.6",
        "string_decoder": "~0.10.x",
        "util-deprecate": "~1.0.1"
      }
    },
    "node_modules/string_decoder": {
      "version": "0.10.31",
      "resolved": "https://registry.npmjs.org/string_decoder/-/string_decoder-0.10.31.tgz",
      "integrity": "sha512-ev2QzSzWPYmy9GuqfIVildA4OdcGLeFZQrq5ys6RtiuF+RQQiZWr8TZNyAcuVXyQRYfEO+MsoB/1BuQVhOJuoQ==",
      "license": "MIT"
    },
    "node_modules/tslib": {
      "version": "2.8.1",
      "resolved": "https://registry.npmjs.org/tslib/-/tslib-2.8.1.tgz",
      "integrity": "sha512-oJFu94HQb+KVduSUQL7wnpmqnfmLsOA/nAh6b6EH0wCEoK0/mPeXU6c3wKDV83MkOuHPRHtSXKKU99IBazS/2w==",
      "license": "0BSD"
    },
    "node_modules/typedarray": {
      "version": "0.0.7",
      "resolved": "https://registry.npmjs.org/typedarray/-/typedarray-0.0.7.tgz",
      "integrity": "sha512-ueeb9YybpjhivjbHP2LdFDAjbS948fGEPj+ACAMs4xCMmh72OCOMQWBQKlaN4ZNQ04yfLSDLSx1tGRIoWimObQ==",
      "license": "MIT",
      "funding": {
        "url": "https://github.com/sponsors/ljharb"
      }
    },
    "node_modules/util-deprecate": {
      "version": "1.0.2",
      "resolved": "https://registry.npmjs.org/util-deprecate/-/util-deprecate-1.0.2.tgz",
      "integrity": "sha512-EPD5q1uXyFxJpCrLnCc1nHnq3gOa6DZBocAIiI2TaSCA7VCJ1UJDMagCzIkXNsUYfD1daK//LTEQ8xiIbrHtcw==",
      "license": "MIT"
    },
    "node_modules/wellknown": {
      "version": "0.5.0",
      "resolved": "https://registry.npmjs.org/wellknown/-/wellknown-0.5.0.tgz",
      "integrity": "sha512-za5vTLuPF9nmrVOovYQwNEWE/PwJCM+yHMAj4xN1WWUvtq9OElsvKiPL0CR9rO8xhrYqL7NpI7IknqR8r6eYOg==",
      "license": "BSD",
      "dependencies": {
        "concat-stream": "~1.5.0",
        "minimist": "~1.2.0"
      },
      "bin": {
        "wellknown": "cli.js"
      }
    }
  }
}
